
Microsoft Visual Studio Solution File, Format Version 12.00
# Visual Studio Version 16
VisualStudioVersion = 16.0.32228.343
MinimumVisualStudioVersion = 10.0.40219.1
Project("{FAE04EC0-301F-11D3-BF4B-00C04F79EFBC}") = "painel_tcc_senaiSCS", "painel_tcc_senaiSCS\painel_tcc_senaiSCS.csproj", "{5B9CB6A4-10D5-41C7-BA8D-E8448B349DBF}"
EndProject
Global
	GlobalSection(SolutionConfigurationPlatforms) = preSolution
		Debug|Any CPU = Debug|Any CPU
		Release|Any CPU = Release|Any CPU
	EndGlobalSection
	GlobalSection(ProjectConfigurationPlatforms) = postSolution
		{5B9CB6A4-10D5-41C7-BA8D-E8448B349DBF}.Debug|Any CPU.ActiveCfg = Debug|Any CPU
		{5B9CB6A4-10D5-41C7-BA8D-E8448B349DBF}.Debug|Any CPU.Build.0 = Debug|Any CPU
		{5B9CB6A4-10D5-41C7-BA8D-E8448B349DBF}.Release|Any CPU.ActiveCfg = Release|Any CPU
		{5B9CB6A4-10D5-41C7-BA8D-E8448B349DBF}.Release|Any CPU.Build.0 = Release|Any CPU
	EndGlobalSection
	GlobalSection(SolutionProperties) = preSolution
		HideSolutionNode = FALSE
	EndGlobalSection
	GlobalSection(ExtensibilityGlobals) = postSolution
		SolutionGuid = {34FE4E7C-2D88-442A-8BE1-6099612B198B}
	EndGlobalSection
EndGlobal
